
Microsoft Visual Studio Solution File, Format Version 12.00
# Visual Studio 14
VisualStudioVersion = 14.0.24720.0
MinimumVisualStudioVersion = 10.0.40219.1
Project("{FAE04EC0-301F-11D3-BF4B-00C04F79EFBC}") = "Difi.Oppslagstjeneste.Klient", "Difi.Oppslagstjeneste.Klient\Difi.Oppslagstjeneste.Klient.csproj", "{13B840F4-199B-4482-B4A8-CB71AC1B0C99}"
EndProject
Project("{FAE04EC0-301F-11D3-BF4B-00C04F79EFBC}") = "Difi.Oppslagstjeneste.Klient.Testklient", "Difi.Oppslagstjeneste.Klient.Testklient\Difi.Oppslagstjeneste.Klient.Testklient.csproj", "{8E40337C-7C49-4E69-8644-5516B4849A50}"
EndProject
Project("{FAE04EC0-301F-11D3-BF4B-00C04F79EFBC}") = "Difi.Oppslagstjeneste.Klient.Domene", "Difi.Oppslagstjeneste.Klient.Domene\Difi.Oppslagstjeneste.Klient.Domene.csproj", "{3EC8D196-7BD8-4C88-B989-216801AD0840}"
EndProject
Project("{FAE04EC0-301F-11D3-BF4B-00C04F79EFBC}") = "Difi.Oppslagstjeneste.Klient.Tests", "Difi.Oppslagstjeneste.Klient.Tester\Difi.Oppslagstjeneste.Klient.Tests.csproj", "{E895DDE0-3B5C-4832-83A5-B545A59570F9}"
EndProject
Project("{2150E333-8FDC-42A3-9474-1A3956D46DE8}") = "Solution Items", "Solution Items", "{35CACDAF-9027-4799-AB9E-16210A7EF014}"
	ProjectSection(SolutionItems) = preProject
		SolutionItems\App.config = SolutionItems\App.config
		SolutionItems\SharedAssemblyInfo.cs = SolutionItems\SharedAssemblyInfo.cs
		C:\Keys\signingkey.snk = C:\Keys\signingkey.snk
	EndProjectSection
EndProject
Project("{FAE04EC0-301F-11D3-BF4B-00C04F79EFBC}") = "Difi.Oppslagstjeneste.Klient.Scripts", "Difi.Oppslagstjeneste.Klient.Scripts\Difi.Oppslagstjeneste.Klient.Scripts.csproj", "{2DD9A89B-E1B4-4DC4-BA46-1D58AB0B0200}"
EndProject
Project("{FAE04EC0-301F-11D3-BF4B-00C04F79EFBC}") = "Difi.Oppslagstjeneste.Klient.Resources", "Difi.Oppslagstjeneste.Klient.Resources\Difi.Oppslagstjeneste.Klient.Resources.csproj", "{A52AAFCE-14DF-4A33-AF7C-9209FCBA646C}"
EndProject
Global
	GlobalSection(SolutionConfigurationPlatforms) = preSolution
		Debug|Any CPU = Debug|Any CPU
		Release|Any CPU = Release|Any CPU
	EndGlobalSection
	GlobalSection(ProjectConfigurationPlatforms) = postSolution
		{13B840F4-199B-4482-B4A8-CB71AC1B0C99}.Debug|Any CPU.ActiveCfg = Debug|Any CPU
		{13B840F4-199B-4482-B4A8-CB71AC1B0C99}.Debug|Any CPU.Build.0 = Debug|Any CPU
		{13B840F4-199B-4482-B4A8-CB71AC1B0C99}.Release|Any CPU.ActiveCfg = Release|Any CPU
		{13B840F4-199B-4482-B4A8-CB71AC1B0C99}.Release|Any CPU.Build.0 = Release|Any CPU
		{8E40337C-7C49-4E69-8644-5516B4849A50}.Debug|Any CPU.ActiveCfg = Debug|Any CPU
		{8E40337C-7C49-4E69-8644-5516B4849A50}.Debug|Any CPU.Build.0 = Debug|Any CPU
		{8E40337C-7C49-4E69-8644-5516B4849A50}.Release|Any CPU.ActiveCfg = Release|Any CPU
		{8E40337C-7C49-4E69-8644-5516B4849A50}.Release|Any CPU.Build.0 = Release|Any CPU
		{3EC8D196-7BD8-4C88-B989-216801AD0840}.Debug|Any CPU.ActiveCfg = Debug|Any CPU
		{3EC8D196-7BD8-4C88-B989-216801AD0840}.Debug|Any CPU.Build.0 = Debug|Any CPU
		{3EC8D196-7BD8-4C88-B989-216801AD0840}.Release|Any CPU.ActiveCfg = Release|Any CPU
		{3EC8D196-7BD8-4C88-B989-216801AD0840}.Release|Any CPU.Build.0 = Release|Any CPU
		{E895DDE0-3B5C-4832-83A5-B545A59570F9}.Debug|Any CPU.ActiveCfg = Debug|Any CPU
		{E895DDE0-3B5C-4832-83A5-B545A59570F9}.Debug|Any CPU.Build.0 = Debug|Any CPU
		{E895DDE0-3B5C-4832-83A5-B545A59570F9}.Release|Any CPU.ActiveCfg = Release|Any CPU
		{E895DDE0-3B5C-4832-83A5-B545A59570F9}.Release|Any CPU.Build.0 = Release|Any CPU
		{2DD9A89B-E1B4-4DC4-BA46-1D58AB0B0200}.Debug|Any CPU.ActiveCfg = Debug|Any CPU
		{2DD9A89B-E1B4-4DC4-BA46-1D58AB0B0200}.Debug|Any CPU.Build.0 = Debug|Any CPU
		{2DD9A89B-E1B4-4DC4-BA46-1D58AB0B0200}.Release|Any CPU.ActiveCfg = Release|Any CPU
		{2DD9A89B-E1B4-4DC4-BA46-1D58AB0B0200}.Release|Any CPU.Build.0 = Release|Any CPU
		{A52AAFCE-14DF-4A33-AF7C-9209FCBA646C}.Debug|Any CPU.ActiveCfg = Debug|Any CPU
		{A52AAFCE-14DF-4A33-AF7C-9209FCBA646C}.Debug|Any CPU.Build.0 = Debug|Any CPU
		{A52AAFCE-14DF-4A33-AF7C-9209FCBA646C}.Release|Any CPU.ActiveCfg = Release|Any CPU
		{A52AAFCE-14DF-4A33-AF7C-9209FCBA646C}.Release|Any CPU.Build.0 = Release|Any CPU
	EndGlobalSection
	GlobalSection(SolutionProperties) = preSolution
		HideSolutionNode = FALSE
	EndGlobalSection
EndGlobal
